// !$*UTF8*$!
{
	archiveVersion = 1;
	classes = {
	};
	objectVersion = 54;
	objects = {

/* Begin PBXBuildFile section */
		0C80B921A6F3F58F76C31292 /* libPods-epocheye.a in Frameworks */ = {isa = PBXBuildFile; fileRef = 5DCACB8F33CDC322A6C60F78 /* libPods-epocheye.a */; };
		13B07FBF1A68108700A75B9A /* Images.xcassets in Resources */ = {isa = PBXBuildFile; fileRef = 13B07FB51A68108700A75B9A /* Images.xcassets */; };
		761780ED2CA45674006654EE /* AppDelegate.swift in Sources */ = {isa = PBXBuildFile; fileRef = 761780EC2CA45674006654EE /* AppDelegate.swift */; };
		81AB9BB82411601600AC10FF /* LaunchScreen.storyboard in Resources */ = {isa = PBXBuildFile; fileRef = 81AB9BB72411601600AC10FF /* LaunchScreen.storyboard */; };
		55AB74D6215340DE8DAA9486 /* CormorantGaramond-Regular.ttf in Resources */ = {isa = PBXBuildFile; fileRef = C0EEF7E7CCC34B6B8441B255 /* CormorantGaramond-Regular.ttf */; };
		93AFD6314C5E451D89D1D919 /* CormorantGaramond-SemiBold.ttf in Resources */ = {isa = PBXBuildFile; fileRef = A782C1A809034FE7B862C4F0 /* CormorantGaramond-SemiBold.ttf */; };
		7D8449C226FD474A993B61F3 /* DMSans-Medium.ttf in Resources */ = {isa = PBXBuildFile; fileRef = FC2BE71108D54C71A9AB0E8F /* DMSans-Medium.ttf */; };
		464AAFE18EB94C91BE73CCBD /* DMSans-Regular.ttf in Resources */ = {isa = PBXBuildFile; fileRef = B9E7532E0740402DA6DD1DA3 /* DMSans-Regular.ttf */; };
		2F968BB0CB184CFBBBB97DB4 /* InstrumentSerif-Italic.ttf in Resources */ = {isa = PBXBuildFile; fileRef = 9337CDE471444CDCA690A4AC /* InstrumentSerif-Italic.ttf */; };
		F70B68B4BC1E42AE9CC6F01A /* MontserratAlternates-Black.ttf in Resources */ = {isa = PBXBuildFile; fileRef = AD68D4597FFB457DBE200DEF /* MontserratAlternates-Black.ttf */; };
		E9EC13FE8E424B599604FC3C /* MontserratAlternates-BlackItalic.ttf in Resources */ = {isa = PBXBuildFile; fileRef = B7221F6843A64D1D99DC84DC /* MontserratAlternates-BlackItalic.ttf */; };
		5152CC2EBB4F40C1BACA039A /* MontserratAlternates-Bold.ttf in Resources */ = {isa = PBXBuildFile; fileRef = 06ACE1655300430895AF85D7 /* MontserratAlternates-Bold.ttf */; };
		2E23DF5ACAFA48B28FFA0FC0 /* MontserratAlternates-BoldItalic.ttf in Resources */ = {isa = PBXBuildFile; fileRef = 2F891E1ADC624E0A825FC853 /* MontserratAlternates-BoldItalic.ttf */; };
		CD979FFD55D34719A12FD58D /* MontserratAlternates-ExtraBold.ttf in Resources */ = {isa = PBXBuildFile; fileRef = 128C959A2D584EE2BB56DDAB /* MontserratAlternates-ExtraBold.ttf */; };
		2C8DF972EBB9400D8A18A486 /* MontserratAlternates-ExtraBoldItalic.ttf in Resources */ = {isa = PBXBuildFile; fileRef = E3E4375210FB466DA1711AF8 /* MontserratAlternates-ExtraBoldItalic.ttf */; };
		EF01A34B3BFD4B57B37CD065 /* MontserratAlternates-ExtraLight.ttf in Resources */ = {isa = PBXBuildFile; fileRef = CB1F95DDA2A34DC4A307C75B /* MontserratAlternates-ExtraLight.ttf */; };
		BC70AE193C0A4E78AB315888 /* MontserratAlternates-ExtraLightItalic.ttf in Resources */ = {isa = PBXBuildFile; fileRef = C025CC35366041B2A619BC64 /* MontserratAlternates-ExtraLightItalic.ttf */; };
		9EF5297BC48846DBAD6062BE /* MontserratAlternates-Italic.ttf in Resources */ = {isa = PBXBuildFile; fileRef = 78814A3D797748B08E719CBF /* MontserratAlternates-Italic.ttf */; };
		C4EE069B44E344A29AE68007 /* MontserratAlternates-Light.ttf in Resources */ = {isa = PBXBuildFile; fileRef = A8C3979CEE1D4282A120553A /* MontserratAlternates-Light.ttf */; };
		981B239D596B4C8E8141447F /* MontserratAlternates-LightItalic.ttf in Resources */ = {isa = PBXBuildFile; fileRef = 0B74C0FE2B904B58A49D2638 /* MontserratAlternates-LightItalic.ttf */; };
		312F55D26C3A4521BE190644 /* MontserratAlternates-Medium.ttf in Resources */ = {isa = PBXBuildFile; fileRef = 80D776C3B68D4EFD8BE612F6 /* MontserratAlternates-Medium.ttf */; };
		43520022EB7E4E1D86141E1A /* MontserratAlternates-MediumItalic.ttf in Resources */ = {isa = PBXBuildFile; fileRef = 72CAADE30C884CFFBE1E8EF8 /* MontserratAlternates-MediumItalic.ttf */; };
		6C6CF29B854E40039AA2F3D7 /* MontserratAlternates-Regular.ttf in Resources */ = {isa = PBXBuildFile; fileRef = DA9ECE02EEAB45AA934AE476 /* MontserratAlternates-Regular.ttf */; };
		3BD3E54D38FD43D185B3743F /* MontserratAlternates-SemiBold.ttf in Resources */ = {isa = PBXBuildFile; fileRef = 09C137D3D6F44D759BAE6306 /* MontserratAlternates-SemiBold.ttf */; };
		EEA1E526BB314DE3B33729B4 /* MontserratAlternates-SemiBoldItalic.ttf in Resources */ = {isa = PBXBuildFile; fileRef = 12DA5D7FCDE14B128741248C /* MontserratAlternates-SemiBoldItalic.ttf */; };
		0A23A38B1EC3425F9A443C56 /* MontserratAlternates-Thin.ttf in Resources */ = {isa = PBXBuildFile; fileRef = 38041113890C44088E2047CE /* MontserratAlternates-Thin.ttf */; };
		847222E81BD8424292EED0DD /* MontserratAlternates-ThinItalic.ttf in Resources */ = {isa = PBXBuildFile; fileRef = D138AE5EBF874F019BF7153F /* MontserratAlternates-ThinItalic.ttf */; };
		83D849CEEE324B6CA7F5DF77 /* NothingYouCouldDo-Regular.ttf in Resources */ = {isa = PBXBuildFile; fileRef = 2F83083792A043719230D2BD /* NothingYouCouldDo-Regular.ttf */; };
		FBD63FB07A5E4DE0942DEF24 /* sam_segment.tflite in Resources */ = {isa = PBXBuildFile; fileRef = 4064DEF2841846AF9AC2C09A /* sam_segment.tflite */; };
		B1B10001BB10BB10BB100001 /* EpocheyeARView.swift in Sources */ = {isa = PBXBuildFile; fileRef = A1A10001AA10AA10AA100001 /* EpocheyeARView.swift */; };
		B1B10001BB10BB10BB100002 /* EpocheyeARViewManager.swift in Sources */ = {isa = PBXBuildFile; fileRef = A1A10001AA10AA10AA100002 /* EpocheyeARViewManager.swift */; };
		B1B10001BB10BB10BB100003 /* EpocheyeARViewManager.m in Sources */ = {isa = PBXBuildFile; fileRef = A1A10001AA10AA10AA100003 /* EpocheyeARViewManager.m */; };
		B1B10001BB10BB10BB100004 /* ARKitModule.swift in Sources */ = {isa = PBXBuildFile; fileRef = A1A10001AA10AA10AA100004 /* ARKitModule.swift */; };
		B1B10001BB10BB10BB100005 /* ARKitModule.m in Sources */ = {isa = PBXBuildFile; fileRef = A1A10001AA10AA10AA100005 /* ARKitModule.m */; };
		B1B10001BB10BB10BB100006 /* GoogleService-Info.plist in Resources */ = {isa = PBXBuildFile; fileRef = A1A10001AA10AA10AA100008 /* GoogleService-Info.plist */; };
/* End PBXBuildFile section */

/* Begin PBXFileReference section */
		13B07F961A680F5B00A75B9A /* epocheye.app */ = {isa = PBXFileReference; explicitFileType = wrapper.application; includeInIndex = 0; path = epocheye.app; sourceTree = BUILT_PRODUCTS_DIR; };
		13B07FB51A68108700A75B9A /* Images.xcassets */ = {isa = PBXFileReference; lastKnownFileType = folder.assetcatalog; name = Images.xcassets; path = epocheye/Images.xcassets; sourceTree = "<group>"; };
		13B07FB61A68108700A75B9A /* Info.plist */ = {isa = PBXFileReference; fileEncoding = 4; lastKnownFileType = text.plist.xml; name = Info.plist; path = epocheye/Info.plist; sourceTree = "<group>"; };
		13B07FB81A68108700A75B9A /* PrivacyInfo.xcprivacy */ = {isa = PBXFileReference; fileEncoding = 4; lastKnownFileType = text.plist.xml; name = PrivacyInfo.xcprivacy; path = epocheye/PrivacyInfo.xcprivacy; sourceTree = "<group>"; };
		3B4392A12AC88292D35C810B /* Pods-epocheye.debug.xcconfig */ = {isa = PBXFileReference; includeInIndex = 1; lastKnownFileType = text.xcconfig; name = "Pods-epocheye.debug.xcconfig"; path = "Target Support Files/Pods-epocheye/Pods-epocheye.debug.xcconfig"; sourceTree = "<group>"; };
		5709B34CF0A7D63546082F79 /* Pods-epocheye.release.xcconfig */ = {isa = PBXFileReference; includeInIndex = 1; lastKnownFileType = text.xcconfig; name = "Pods-epocheye.release.xcconfig"; path = "Target Support Files/Pods-epocheye/Pods-epocheye.release.xcconfig"; sourceTree = "<group>"; };
		5DCACB8F33CDC322A6C60F78 /* libPods-epocheye.a */ = {isa = PBXFileReference; explicitFileType = archive.ar; includeInIndex = 0; path = "libPods-epocheye.a"; sourceTree = BUILT_PRODUCTS_DIR; };
		761780EC2CA45674006654EE /* AppDelegate.swift */ = {isa = PBXFileReference; lastKnownFileType = sourcecode.swift; name = AppDelegate.swift; path = epocheye/AppDelegate.swift; sourceTree = "<group>"; };
		81AB9BB72411601600AC10FF /* LaunchScreen.storyboard */ = {isa = PBXFileReference; fileEncoding = 4; lastKnownFileType = file.storyboard; name = LaunchScreen.storyboard; path = epocheye/LaunchScreen.storyboard; sourceTree = "<group>"; };
		ED297162215061F000B7C4FE /* JavaScriptCore.framework */ = {isa = PBXFileReference; lastKnownFileType = wrapper.framework; name = JavaScriptCore.framework; path = System/Library/Frameworks/JavaScriptCore.framework; sourceTree = SDKROOT; };
		C0EEF7E7CCC34B6B8441B255 /* CormorantGaramond-Regular.ttf */ = {isa = PBXFileReference; name = "CormorantGaramond-Regular.ttf"; path = "../src/assets/fonts/CormorantGaramond-Regular.ttf"; sourceTree = "<group>"; fileEncoding = undefined; lastKnownFileType = unknown; explicitFileType = undefined; includeInIndex = 0; };
		A782C1A809034FE7B862C4F0 /* CormorantGaramond-SemiBold.ttf */ = {isa = PBXFileReference; name = "CormorantGaramond-SemiBold.ttf"; path = "../src/assets/fonts/CormorantGaramond-SemiBold.ttf"; sourceTree = "<group>"; fileEncoding = undefined; lastKnownFileType = unknown; explicitFileType = undefined; includeInIndex = 0; };
		FC2BE71108D54C71A9AB0E8F /* DMSans-Medium.ttf */ = {isa = PBXFileReference; name = "DMSans-Medium.ttf"; path = "../src/assets/fonts/DMSans-Medium.ttf"; sourceTree = "<group>"; fileEncoding = undefined; lastKnownFileType = unknown; explicitFileType = undefined; includeInIndex = 0; };
		B9E7532E0740402DA6DD1DA3 /* DMSans-Regular.ttf */ = {isa = PBXFileReference; name = "DMSans-Regular.ttf"; path = "../src/assets/fonts/DMSans-Regular.ttf"; sourceTree = "<group>"; fileEncoding = undefined; lastKnownFileType = unknown; explicitFileType = undefined; includeInIndex = 0; };
		9337CDE471444CDCA690A4AC /* InstrumentSerif-Italic.ttf */ = {isa = PBXFileReference; name = "InstrumentSerif-Italic.ttf"; path = "../src/assets/fonts/InstrumentSerif-Italic.ttf"; sourceTree = "<group>"; fileEncoding = undefined; lastKnownFileType = unknown; explicitFileType = undefined; includeInIndex = 0; };
		AD68D4597FFB457DBE200DEF /* MontserratAlternates-Black.ttf */ = {isa = PBXFileReference; name = "MontserratAlternates-Black.ttf"; path = "../src/assets/fonts/MontserratAlternates-Black.ttf"; sourceTree = "<group>"; fileEncoding = undefined; lastKnownFileType = unknown; explicitFileType = undefined; includeInIndex = 0; };
		B7221F6843A64D1D99DC84DC /* MontserratAlternates-BlackItalic.ttf */ = {isa = PBXFileReference; name = "MontserratAlternates-BlackItalic.ttf"; path = "../src/assets/fonts/MontserratAlternates-BlackItalic.ttf"; sourceTree = "<group>"; fileEncoding = undefined; lastKnownFileType = unknown; explicitFileType = undefined; includeInIndex = 0; };
		06ACE1655300430895AF85D7 /* MontserratAlternates-Bold.ttf */ = {isa = PBXFileReference; name = "MontserratAlternates-Bold.ttf"; path = "../src/assets/fonts/MontserratAlternates-Bold.ttf"; sourceTree = "<group>"; fileEncoding = undefined; lastKnownFileType = unknown; explicitFileType = undefined; includeInIndex = 0; };
		2F891E1ADC624E0A825FC853 /* MontserratAlternates-BoldItalic.ttf */ = {isa = PBXFileReference; name = "MontserratAlternates-BoldItalic.ttf"; path = "../src/assets/fonts/MontserratAlternates-BoldItalic.ttf"; sourceTree = "<group>"; fileEncoding = undefined; lastKnownFileType = unknown; explicitFileType = undefined; includeInIndex = 0; };
		128C959A2D584EE2BB56DDAB /* MontserratAlternates-ExtraBold.ttf */ = {isa = PBXFileReference; name = "MontserratAlternates-ExtraBold.ttf"; path = "../src/assets/fonts/MontserratAlternates-ExtraBold.ttf"; sourceTree = "<group>"; fileEncoding = undefined; lastKnownFileType = unknown; explicitFileType = undefined; includeInIndex = 0; };
		E3E4375210FB466DA1711AF8 /* MontserratAlternates-ExtraBoldItalic.ttf */ = {isa = PBXFileReference; name = "MontserratAlternates-ExtraBoldItalic.ttf"; path = "../src/assets/fonts/MontserratAlternates-ExtraBoldItalic.ttf"; sourceTree = "<group>"; fileEncoding = undefined; lastKnownFileType = unknown; explicitFileType = undefined; includeInIndex = 0; };
		CB1F95DDA2A34DC4A307C75B /* MontserratAlternates-ExtraLight.ttf */ = {isa = PBXFileReference; name = "MontserratAlternates-ExtraLight.ttf"; path = "../src/assets/fonts/MontserratAlternates-ExtraLight.ttf"; sourceTree = "<group>"; fileEncoding = undefined; lastKnownFileType = unknown; explicitFileType = undefined; includeInIndex = 0; };
		C025CC35366041B2A619BC64 /* MontserratAlternates-ExtraLightItalic.ttf */ = {isa = PBXFileReference; name = "MontserratAlternates-ExtraLightItalic.ttf"; path = "../src/assets/fonts/MontserratAlternates-ExtraLightItalic.ttf"; sourceTree = "<group>"; fileEncoding = undefined; lastKnownFileType = unknown; explicitFileType = undefined; includeInIndex = 0; };
		78814A3D797748B08E719CBF /* MontserratAlternates-Italic.ttf */ = {isa = PBXFileReference; name = "MontserratAlternates-Italic.ttf"; path = "../src/assets/fonts/MontserratAlternates-Italic.ttf"; sourceTree = "<group>"; fileEncoding = undefined; lastKnownFileType = unknown; explicitFileType = undefined; includeInIndex = 0; };
		A8C3979CEE1D4282A120553A /* MontserratAlternates-Light.ttf */ = {isa = PBXFileReference; name = "MontserratAlternates-Light.ttf"; path = "../src/assets/fonts/MontserratAlternates-Light.ttf"; sourceTree = "<group>"; fileEncoding = undefined; lastKnownFileType = unknown; explicitFileType = undefined; includeInIndex = 0; };
		0B74C0FE2B904B58A49D2638 /* MontserratAlternates-LightItalic.ttf */ = {isa = PBXFileReference; name = "MontserratAlternates-LightItalic.ttf"; path = "../src/assets/fonts/MontserratAlternates-LightItalic.ttf"; sourceTree = "<group>"; fileEncoding = undefined; lastKnownFileType = unknown; explicitFileType = undefined; includeInIndex = 0; };
		80D776C3B68D4EFD8BE612F6 /* MontserratAlternates-Medium.ttf */ = {isa = PBXFileReference; name = "MontserratAlternates-Medium.ttf"; path = "../src/assets/fonts/MontserratAlternates-Medium.ttf"; sourceTree = "<group>"; fileEncoding = undefined; lastKnownFileType = unknown; explicitFileType = undefined; includeInIndex = 0; };
		72CAADE30C884CFFBE1E8EF8 /* MontserratAlternates-MediumItalic.ttf */ = {isa = PBXFileReference; name = "MontserratAlternates-MediumItalic.ttf"; path = "../src/assets/fonts/MontserratAlternates-MediumItalic.ttf"; sourceTree = "<group>"; fileEncoding = undefined; lastKnownFileType = unknown; explicitFileType = undefined; includeInIndex = 0; };
		DA9ECE02EEAB45AA934AE476 /* MontserratAlternates-Regular.ttf */ = {isa = PBXFileReference; name = "MontserratAlternates-Regular.ttf"; path = "../src/assets/fonts/MontserratAlternates-Regular.ttf"; sourceTree = "<group>"; fileEncoding = undefined; lastKnownFileType = unknown; explicitFileType = undefined; includeInIndex = 0; };
		09C137D3D6F44D759BAE6306 /* MontserratAlternates-SemiBold.ttf */ = {isa = PBXFileReference; name = "MontserratAlternates-SemiBold.ttf"; path = "../src/assets/fonts/MontserratAlternates-SemiBold.ttf"; sourceTree = "<group>"; fileEncoding = undefined; lastKnownFileType = unknown; explicitFileType = undefined; includeInIndex = 0; };
		12DA5D7FCDE14B128741248C /* MontserratAlternates-SemiBoldItalic.ttf */ = {isa = PBXFileReference; name = "MontserratAlternates-SemiBoldItalic.ttf"; path = "../src/assets/fonts/MontserratAlternates-SemiBoldItalic.ttf"; sourceTree = "<group>"; fileEncoding = undefined; lastKnownFileType = unknown; explicitFileType = undefined; includeInIndex = 0; };
		38041113890C44088E2047CE /* MontserratAlternates-Thin.ttf */ = {isa = PBXFileReference; name = "MontserratAlternates-Thin.ttf"; path = "../src/assets/fonts/MontserratAlternates-Thin.ttf"; sourceTree = "<group>"; fileEncoding = undefined; lastKnownFileType = unknown; explicitFileType = undefined; includeInIndex = 0; };
		D138AE5EBF874F019BF7153F /* MontserratAlternates-ThinItalic.ttf */ = {isa = PBXFileReference; name = "MontserratAlternates-ThinItalic.ttf"; path = "../src/assets/fonts/MontserratAlternates-ThinItalic.ttf"; sourceTree = "<group>"; fileEncoding = undefined; lastKnownFileType = unknown; explicitFileType = undefined; includeInIndex = 0; };
		2F83083792A043719230D2BD /* NothingYouCouldDo-Regular.ttf */ = {isa = PBXFileReference; name = "NothingYouCouldDo-Regular.ttf"; path = "../src/assets/fonts/NothingYouCouldDo-Regular.ttf"; sourceTree = "<group>"; fileEncoding = undefined; lastKnownFileType = unknown; explicitFileType = undefined; includeInIndex = 0; };
		4064DEF2841846AF9AC2C09A /* sam_segment.tflite */ = {isa = PBXFileReference; name = "sam_segment.tflite"; path = "../src/assets/models/sam_segment.tflite"; sourceTree = "<group>"; fileEncoding = undefined; lastKnownFileType = unknown; explicitFileType = undefined; includeInIndex = 0; };
		A1A10001AA10AA10AA100001 /* EpocheyeARView.swift */ = {isa = PBXFileReference; lastKnownFileType = sourcecode.swift; name = EpocheyeARView.swift; path = epocheye/AR/EpocheyeARView.swift; sourceTree = "<group>"; };
		A1A10001AA10AA10AA100002 /* EpocheyeARViewManager.swift */ = {isa = PBXFileReference; lastKnownFileType = sourcecode.swift; name = EpocheyeARViewManager.swift; path = epocheye/AR/EpocheyeARViewManager.swift; sourceTree = "<group>"; };
		A1A10001AA10AA10AA100003 /* EpocheyeARViewManager.m */ = {isa = PBXFileReference; lastKnownFileType = sourcecode.c.objc; name = EpocheyeARViewManager.m; path = epocheye/AR/EpocheyeARViewManager.m; sourceTree = "<group>"; };
		A1A10001AA10AA10AA100004 /* ARKitModule.swift */ = {isa = PBXFileReference; lastKnownFileType = sourcecode.swift; name = ARKitModule.swift; path = epocheye/AR/ARKitModule.swift; sourceTree = "<group>"; };
		A1A10001AA10AA10AA100005 /* ARKitModule.m */ = {isa = PBXFileReference; lastKnownFileType = sourcecode.c.objc; name = ARKitModule.m; path = epocheye/AR/ARKitModule.m; sourceTree = "<group>"; };
		A1A10001AA10AA10AA100006 /* epocheye-Bridging-Header.h */ = {isa = PBXFileReference; lastKnownFileType = sourcecode.c.h; name = "epocheye-Bridging-Header.h"; path = "epocheye/epocheye-Bridging-Header.h"; sourceTree = "<group>"; };
		A1A10001AA10AA10AA100007 /* epocheye.entitlements */ = {isa = PBXFileReference; lastKnownFileType = text.plist.entitlements; name = epocheye.entitlements; path = epocheye/epocheye.entitlements; sourceTree = "<group>"; };
		A1A10001AA10AA10AA100008 /* GoogleService-Info.plist */ = {isa = PBXFileReference; fileEncoding = 4; lastKnownFileType = text.plist.xml; name = "GoogleService-Info.plist"; path = "epocheye/GoogleService-Info.plist"; sourceTree = "<group>"; };
/* End PBXFileReference section */

/* Begin PBXFrameworksBuildPhase section */
		13B07F8C1A680F5B00A75B9A /* Frameworks */ = {
			isa = PBXFrameworksBuildPhase;
			buildActionMask = 2147483647;
			files = (
				0C80B921A6F3F58F76C31292 /* libPods-epocheye.a in Frameworks */,
			);
			runOnlyForDeploymentPostprocessing = 0;
		};
/* End PBXFrameworksBuildPhase section */

/* Begin PBXGroup section */
		13B07FAE1A68108700A75B9A /* epocheye */ = {
			isa = PBXGroup;
			children = (
				13B07FB51A68108700A75B9A /* Images.xcassets */,
				761780EC2CA45674006654EE /* AppDelegate.swift */,
				A1A10001AA10AA10AA100006 /* epocheye-Bridging-Header.h */,
				A1A10001AA10AA10AA100007 /* epocheye.entitlements */,
				A1A10001AA10AA10AA100008 /* GoogleService-Info.plist */,
				C1C10001CC10CC10CC100001 /* AR */,
				13B07FB61A68108700A75B9A /* Info.plist */,
				81AB9BB72411601600AC10FF /* LaunchScreen.storyboard */,
				13B07FB81A68108700A75B9A /* PrivacyInfo.xcprivacy */,
			);
			name = epocheye;
			sourceTree = "<group>";
		};
		C1C10001CC10CC10CC100001 /* AR */ = {
			isa = PBXGroup;
			children = (
				A1A10001AA10AA10AA100001 /* EpocheyeARView.swift */,
				A1A10001AA10AA10AA100002 /* EpocheyeARViewManager.swift */,
				A1A10001AA10AA10AA100003 /* EpocheyeARViewManager.m */,
				A1A10001AA10AA10AA100004 /* ARKitModule.swift */,
				A1A10001AA10AA10AA100005 /* ARKitModule.m */,
			);
			name = AR;
			sourceTree = "<group>";
		};
		2D16E6871FA4F8E400B85C8A /* Frameworks */ = {
			isa = PBXGroup;
			children = (
				ED297162215061F000B7C4FE /* JavaScriptCore.framework */,
				5DCACB8F33CDC322A6C60F78 /* libPods-epocheye.a */,
			);
			name = Frameworks;
			sourceTree = "<group>";
		};
		832341AE1AAA6A7D00B99B32 /* Libraries */ = {
			isa = PBXGroup;
			children = (
			);
			name = Libraries;
			sourceTree = "<group>";
		};
		83CBB9F61A601CBA00E9B192 = {
			isa = PBXGroup;
			children = (
				13B07FAE1A68108700A75B9A /* epocheye */,
				832341AE1AAA6A7D00B99B32 /* Libraries */,
				83CBBA001A601CBA00E9B192 /* Products */,
				2D16E6871FA4F8E400B85C8A /* Frameworks */,
				BBD78D7AC51CEA395F1C20DB /* Pods */,
				72D224664ADA486186AFD365 /* Resources */,
			);
			indentWidth = 2;
			sourceTree = "<group>";
			tabWidth = 2;
			usesTabs = 0;
		};
		83CBBA001A601CBA00E9B192 /* Products */ = {
			isa = PBXGroup;
			children = (
				13B07F961A680F5B00A75B9A /* epocheye.app */,
			);
			name = Products;
			sourceTree = "<group>";
		};
		BBD78D7AC51CEA395F1C20DB /* Pods */ = {
			isa = PBXGroup;
			children = (
				3B4392A12AC88292D35C810B /* Pods-epocheye.debug.xcconfig */,
				5709B34CF0A7D63546082F79 /* Pods-epocheye.release.xcconfig */,
			);
			path = Pods;
			sourceTree = "<group>";
		};
		72D224664ADA486186AFD365 /* Resources */ = {
			isa = "PBXGroup";
			children = (
				C0EEF7E7CCC34B6B8441B255 /* CormorantGaramond-Regular.ttf */,
				A782C1A809034FE7B862C4F0 /* CormorantGaramond-SemiBold.ttf */,
				FC2BE71108D54C71A9AB0E8F /* DMSans-Medium.ttf */,
				B9E7532E0740402DA6DD1DA3 /* DMSans-Regular.ttf */,
				9337CDE471444CDCA690A4AC /* InstrumentSerif-Italic.ttf */,
				AD68D4597FFB457DBE200DEF /* MontserratAlternates-Black.ttf */,
				B7221F6843A64D1D99DC84DC /* MontserratAlternates-BlackItalic.ttf */,
				06ACE1655300430895AF85D7 /* MontserratAlternates-Bold.ttf */,
				2F891E1ADC624E0A825FC853 /* MontserratAlternates-BoldItalic.ttf */,
				128C959A2D584EE2BB56DDAB /* MontserratAlternates-ExtraBold.ttf */,
				E3E4375210FB466DA1711AF8 /* MontserratAlternates-ExtraBoldItalic.ttf */,
				CB1F95DDA2A34DC4A307C75B /* MontserratAlternates-ExtraLight.ttf */,
				C025CC35366041B2A619BC64 /* MontserratAlternates-ExtraLightItalic.ttf */,
				78814A3D797748B08E719CBF /* MontserratAlternates-Italic.ttf */,
				A8C3979CEE1D4282A120553A /* MontserratAlternates-Light.ttf */,
				0B74C0FE2B904B58A49D2638 /* MontserratAlternates-LightItalic.ttf */,
				80D776C3B68D4EFD8BE612F6 /* MontserratAlternates-Medium.ttf */,
				72CAADE30C884CFFBE1E8EF8 /* MontserratAlternates-MediumItalic.ttf */,
				DA9ECE02EEAB45AA934AE476 /* MontserratAlternates-Regular.ttf */,
				09C137D3D6F44D759BAE6306 /* MontserratAlternates-SemiBold.ttf */,
				12DA5D7FCDE14B128741248C /* MontserratAlternates-SemiBoldItalic.ttf */,
				38041113890C44088E2047CE /* MontserratAlternates-Thin.ttf */,
				D138AE5EBF874F019BF7153F /* MontserratAlternates-ThinItalic.ttf */,
				2F83083792A043719230D2BD /* NothingYouCouldDo-Regular.ttf */,
				4064DEF2841846AF9AC2C09A /* sam_segment.tflite */,
			);
			name = Resources;
			sourceTree = "<group>";
			path = "";
		};
/* End PBXGroup section */

/* Begin PBXNativeTarget section */
		13B07F861A680F5B00A75B9A /* epocheye */ = {
			isa = PBXNativeTarget;
			buildConfigurationList = 13B07F931A680F5B00A75B9A /* Build configuration list for PBXNativeTarget "epocheye" */;
			buildPhases = (
				C38B50BA6285516D6DCD4F65 /* [CP] Check Pods Manifest.lock */,
				13B07F871A680F5B00A75B9A /* Sources */,
				13B07F8C1A680F5B00A75B9A /* Frameworks */,
				13B07F8E1A680F5B00A75B9A /* Resources */,
				00DD1BFF1BD5951E006B06BC /* Bundle React Native code and images */,
				00EEFC60759A1932668264C0 /* [CP] Embed Pods Frameworks */,
				E235C05ADACE081382539298 /* [CP] Copy Pods Resources */,
			);
			buildRules = (
			);
			dependencies = (
			);
			name = epocheye;
			productName = epocheye;
			productReference = 13B07F961A680F5B00A75B9A /* epocheye.app */;
			productType = "com.apple.product-type.application";
		};
/* End PBXNativeTarget section */

/* Begin PBXProject section */
		83CBB9F71A601CBA00E9B192 /* Project object */ = {
			isa = PBXProject;
			attributes = {
				LastUpgradeCheck = 1210;
				TargetAttributes = {
					13B07F861A680F5B00A75B9A = {
						LastSwiftMigration = 1120;
					};
				};
			};
			buildConfigurationList = 83CBB9FA1A601CBA00E9B192 /* Build configuration list for PBXProject "epocheye" */;
			compatibilityVersion = "Xcode 12.0";
			developmentRegion = en;
			hasScannedForEncodings = 0;
			knownRegions = (
				en,
				Base,
			);
			mainGroup = 83CBB9F61A601CBA00E9B192;
			productRefGroup = 83CBBA001A601CBA00E9B192 /* Products */;
			projectDirPath = "";
			projectRoot = "";
			targets = (
				13B07F861A680F5B00A75B9A /* epocheye */,
			);
		};
/* End PBXProject section */

/* Begin PBXResourcesBuildPhase section */
		13B07F8E1A680F5B00A75B9A /* Resources */ = {
			isa = PBXResourcesBuildPhase;
			buildActionMask = 2147483647;
			files = (
				81AB9BB82411601600AC10FF /* LaunchScreen.storyboard in Resources */,
				13B07FBF1A68108700A75B9A /* Images.xcassets in Resources */,
				55AB74D6215340DE8DAA9486 /* CormorantGaramond-Regular.ttf in Resources */,
				93AFD6314C5E451D89D1D919 /* CormorantGaramond-SemiBold.ttf in Resources */,
				7D8449C226FD474A993B61F3 /* DMSans-Medium.ttf in Resources */,
				464AAFE18EB94C91BE73CCBD /* DMSans-Regular.ttf in Resources */,
				2F968BB0CB184CFBBBB97DB4 /* InstrumentSerif-Italic.ttf in Resources */,
				F70B68B4BC1E42AE9CC6F01A /* MontserratAlternates-Black.ttf in Resources */,
				E9EC13FE8E424B599604FC3C /* MontserratAlternates-BlackItalic.ttf in Resources */,
				5152CC2EBB4F40C1BACA039A /* MontserratAlternates-Bold.ttf in Resources */,
				2E23DF5ACAFA48B28FFA0FC0 /* MontserratAlternates-BoldItalic.ttf in Resources */,
				CD979FFD55D34719A12FD58D /* MontserratAlternates-ExtraBold.ttf in Resources */,
				2C8DF972EBB9400D8A18A486 /* MontserratAlternates-ExtraBoldItalic.ttf in Resources */,
				EF01A34B3BFD4B57B37CD065 /* MontserratAlternates-ExtraLight.ttf in Resources */,
				BC70AE193C0A4E78AB315888 /* MontserratAlternates-ExtraLightItalic.ttf in Resources */,
				9EF5297BC48846DBAD6062BE /* MontserratAlternates-Italic.ttf in Resources */,
				C4EE069B44E344A29AE68007 /* MontserratAlternates-Light.ttf in Resources */,
				981B239D596B4C8E8141447F /* MontserratAlternates-LightItalic.ttf in Resources */,
				312F55D26C3A4521BE190644 /* MontserratAlternates-Medium.ttf in Resources */,
				43520022EB7E4E1D86141E1A /* MontserratAlternates-MediumItalic.ttf in Resources */,
				6C6CF29B854E40039AA2F3D7 /* MontserratAlternates-Regular.ttf in Resources */,
				3BD3E54D38FD43D185B3743F /* MontserratAlternates-SemiBold.ttf in Resources */,
				EEA1E526BB314DE3B33729B4 /* MontserratAlternates-SemiBoldItalic.ttf in Resources */,
				0A23A38B1EC3425F9A443C56 /* MontserratAlternates-Thin.ttf in Resources */,
				847222E81BD8424292EED0DD /* MontserratAlternates-ThinItalic.ttf in Resources */,
				83D849CEEE324B6CA7F5DF77 /* NothingYouCouldDo-Regular.ttf in Resources */,
				FBD63FB07A5E4DE0942DEF24 /* sam_segment.tflite in Resources */,
				B1B10001BB10BB10BB100006 /* GoogleService-Info.plist in Resources */,
			);
			runOnlyForDeploymentPostprocessing = 0;
		};
/* End PBXResourcesBuildPhase section */

/* Begin PBXShellScriptBuildPhase section */
		00DD1BFF1BD5951E006B06BC /* Bundle React Native code and images */ = {
			isa = PBXShellScriptBuildPhase;
			buildActionMask = 2147483647;
			files = (
			);
			inputPaths = (
				"$(SRCROOT)/.xcode.env.local",
				"$(SRCROOT)/.xcode.env",
			);
			name = "Bundle React Native code and images";
			outputPaths = (
			);
			runOnlyForDeploymentPostprocessing = 0;
			shellPath = /bin/sh;
			shellScript = "set -e\n\nWITH_ENVIRONMENT=\"$REACT_NATIVE_PATH/scripts/xcode/with-environment.sh\"\nREACT_NATIVE_XCODE=\"$REACT_NATIVE_PATH/scripts/react-native-xcode.sh\"\n\n/bin/sh -c \"$WITH_ENVIRONMENT $REACT_NATIVE_XCODE\"\n";
		};
		00EEFC60759A1932668264C0 /* [CP] Embed Pods Frameworks */ = {
			isa = PBXShellScriptBuildPhase;
			buildActionMask = 2147483647;
			files = (
			);
			inputFileListPaths = (
				"${PODS_ROOT}/Target Support Files/Pods-epocheye/Pods-epocheye-frameworks-${CONFIGURATION}-input-files.xcfilelist",
			);
			name = "[CP] Embed Pods Frameworks";
			outputFileListPaths = (
				"${PODS_ROOT}/Target Support Files/Pods-epocheye/Pods-epocheye-frameworks-${CONFIGURATION}-output-files.xcfilelist",
			);
			runOnlyForDeploymentPostprocessing = 0;
			shellPath = /bin/sh;
			shellScript = "\"${PODS_ROOT}/Target Support Files/Pods-epocheye/Pods-epocheye-frameworks.sh\"\n";
			showEnvVarsInLog = 0;
		};
		C38B50BA6285516D6DCD4F65 /* [CP] Check Pods Manifest.lock */ = {
			isa = PBXShellScriptBuildPhase;
			buildActionMask = 2147483647;
			files = (
			);
			inputFileListPaths = (
			);
			inputPaths = (
				"${PODS_PODFILE_DIR_PATH}/Podfile.lock",
				"${PODS_ROOT}/Manifest.lock",
			);
			name = "[CP] Check Pods Manifest.lock";
			outputFileListPaths = (
			);
			outputPaths = (
				"$(DERIVED_FILE_DIR)/Pods-epocheye-checkManifestLockResult.txt",
			);
			runOnlyForDeploymentPostprocessing = 0;
			shellPath = /bin/sh;
			shellScript = "diff \"${PODS_PODFILE_DIR_PATH}/Podfile.lock\" \"${PODS_ROOT}/Manifest.lock\" > /dev/null\nif [ $? != 0 ] ; then\n    # print error to STDERR\n    echo \"error: The sandbox is not in sync with the Podfile.lock. Run 'pod install' or update your CocoaPods installation.\" >&2\n    exit 1\nfi\n# This output is used by Xcode 'outputs' to avoid re-running this script phase.\necho \"SUCCESS\" > \"${SCRIPT_OUTPUT_FILE_0}\"\n";
			showEnvVarsInLog = 0;
		};
		E235C05ADACE081382539298 /* [CP] Copy Pods Resources */ = {
			isa = PBXShellScriptBuildPhase;
			buildActionMask = 2147483647;
			files = (
			);
			inputFileListPaths = (
				"${PODS_ROOT}/Target Support Files/Pods-epocheye/Pods-epocheye-resources-${CONFIGURATION}-input-files.xcfilelist",
			);
			name = "[CP] Copy Pods Resources";
			outputFileListPaths = (
				"${PODS_ROOT}/Target Support Files/Pods-epocheye/Pods-epocheye-resources-${CONFIGURATION}-output-files.xcfilelist",
			);
			runOnlyForDeploymentPostprocessing = 0;
			shellPath = /bin/sh;
			shellScript = "\"${PODS_ROOT}/Target Support Files/Pods-epocheye/Pods-epocheye-resources.sh\"\n";
			showEnvVarsInLog = 0;
		};
/* End PBXShellScriptBuildPhase section */

/* Begin PBXSourcesBuildPhase section */
		13B07F871A680F5B00A75B9A /* Sources */ = {
			isa = PBXSourcesBuildPhase;
			buildActionMask = 2147483647;
			files = (
				761780ED2CA45674006654EE /* AppDelegate.swift in Sources */,
				B1B10001BB10BB10BB100001 /* EpocheyeARView.swift in Sources */,
				B1B10001BB10BB10BB100002 /* EpocheyeARViewManager.swift in Sources */,
				B1B10001BB10BB10BB100003 /* EpocheyeARViewManager.m in Sources */,
				B1B10001BB10BB10BB100004 /* ARKitModule.swift in Sources */,
				B1B10001BB10BB10BB100005 /* ARKitModule.m in Sources */,
			);
			runOnlyForDeploymentPostprocessing = 0;
		};
/* End PBXSourcesBuildPhase section */

/* Begin XCBuildConfiguration section */
		13B07F941A680F5B00A75B9A /* Debug */ = {
			isa = XCBuildConfiguration;
			baseConfigurationReference = 3B4392A12AC88292D35C810B /* Pods-epocheye.debug.xcconfig */;
			buildSettings = {
				ASSETCATALOG_COMPILER_APPICON_NAME = AppIcon;
				CLANG_ENABLE_MODULES = YES;
				CODE_SIGN_ENTITLEMENTS = epocheye/epocheye.entitlements;
				CODE_SIGN_STYLE = Automatic;
				CURRENT_PROJECT_VERSION = 1;
				DEVELOPMENT_TEAM = "";
				ENABLE_BITCODE = NO;
				INFOPLIST_FILE = epocheye/Info.plist;
				IPHONEOS_DEPLOYMENT_TARGET = 15.1;
				LD_RUNPATH_SEARCH_PATHS = (
					"$(inherited)",
					"@executable_path/Frameworks",
				);
				MARKETING_VERSION = 1.0;
				OTHER_LDFLAGS = (
					"$(inherited)",
					"-ObjC",
					"-lc++",
				);
				PRODUCT_BUNDLE_IDENTIFIER = com.epocheye;
				PRODUCT_NAME = epocheye;
				SWIFT_OBJC_BRIDGING_HEADER = "epocheye/epocheye-Bridging-Header.h";
				SWIFT_OPTIMIZATION_LEVEL = "-Onone";
				SWIFT_VERSION = 5.0;
				VERSIONING_SYSTEM = "apple-generic";
			};
			name = Debug;
		};
		13B07F951A680F5B00A75B9A /* Release */ = {
			isa = XCBuildConfiguration;
			baseConfigurationReference = 5709B34CF0A7D63546082F79 /* Pods-epocheye.release.xcconfig */;
			buildSettings = {
				ASSETCATALOG_COMPILER_APPICON_NAME = AppIcon;
				CLANG_ENABLE_MODULES = YES;
				CODE_SIGN_ENTITLEMENTS = epocheye/epocheye.entitlements;
				CODE_SIGN_STYLE = Automatic;
				CURRENT_PROJECT_VERSION = 1;
				DEVELOPMENT_TEAM = "";
				INFOPLIST_FILE = epocheye/Info.plist;
				IPHONEOS_DEPLOYMENT_TARGET = 15.1;
				LD_RUNPATH_SEARCH_PATHS = (
					"$(inherited)",
					"@executable_path/Frameworks",
				);
				MARKETING_VERSION = 1.0;
				OTHER_LDFLAGS = (
					"$(inherited)",
					"-ObjC",
					"-lc++",
				);
				PRODUCT_BUNDLE_IDENTIFIER = com.epocheye;
				PRODUCT_NAME = epocheye;
				SWIFT_OBJC_BRIDGING_HEADER = "epocheye/epocheye-Bridging-Header.h";
				SWIFT_VERSION = 5.0;
				VERSIONING_SYSTEM = "apple-generic";
			};
			name = Release;
		};
		83CBBA201A601CBA00E9B192 /* Debug */ = {
			isa = XCBuildConfiguration;
			buildSettings = {
				ALWAYS_SEARCH_USER_PATHS = NO;
				CLANG_ANALYZER_LOCALIZABILITY_NONLOCALIZED = YES;
				CLANG_CXX_LANGUAGE_STANDARD = "c++20";
				CLANG_CXX_LIBRARY = "libc++";
				CLANG_ENABLE_MODULES = YES;
				CLANG_ENABLE_OBJC_ARC = YES;
				CLANG_WARN_BLOCK_CAPTURE_AUTORELEASING = YES;
				CLANG_WARN_BOOL_CONVERSION = YES;
				CLANG_WARN_COMMA = YES;
				CLANG_WARN_CONSTANT_CONVERSION = YES;
				CLANG_WARN_DEPRECATED_OBJC_IMPLEMENTATIONS = YES;
				CLANG_WARN_DIRECT_OBJC_ISA_USAGE = YES_ERROR;
				CLANG_WARN_EMPTY_BODY = YES;
				CLANG_WARN_ENUM_CONVERSION = YES;
				CLANG_WARN_INFINITE_RECURSION = YES;
				CLANG_WARN_INT_CONVERSION = YES;
				CLANG_WARN_NON_LITERAL_NULL_CONVERSION = YES;
				CLANG_WARN_OBJC_IMPLICIT_RETAIN_SELF = YES;
				CLANG_WARN_OBJC_LITERAL_CONVERSION = YES;
				CLANG_WARN_OBJC_ROOT_CLASS = YES_ERROR;
				CLANG_WARN_QUOTED_INCLUDE_IN_FRAMEWORK_HEADER = YES;
				CLANG_WARN_RANGE_LOOP_ANALYSIS = YES;
				CLANG_WARN_STRICT_PROTOTYPES = YES;
				CLANG_WARN_SUSPICIOUS_MOVE = YES;
				CLANG_WARN_UNREACHABLE_CODE = YES;
				CLANG_WARN__DUPLICATE_METHOD_MATCH = YES;
				"CODE_SIGN_IDENTITY[sdk=iphoneos*]" = "iPhone Developer";
				COPY_PHASE_STRIP = NO;
				ENABLE_STRICT_OBJC_MSGSEND = YES;
				ENABLE_TESTABILITY = YES;
				"EXCLUDED_ARCHS[sdk=iphonesimulator*]" = "";
				GCC_C_LANGUAGE_STANDARD = gnu99;
				GCC_DYNAMIC_NO_PIC = NO;
				GCC_NO_COMMON_BLOCKS = YES;
				GCC_OPTIMIZATION_LEVEL = 0;
				GCC_PREPROCESSOR_DEFINITIONS = (
					"DEBUG=1",
					"$(inherited)",
				);
				GCC_SYMBOLS_PRIVATE_EXTERN = NO;
				GCC_WARN_64_TO_32_BIT_CONVERSION = YES;
				GCC_WARN_ABOUT_RETURN_TYPE = YES_ERROR;
				GCC_WARN_UNDECLARED_SELECTOR = YES;
				GCC_WARN_UNINITIALIZED_AUTOS = YES_AGGRESSIVE;
				GCC_WARN_UNUSED_FUNCTION = YES;
				GCC_WARN_UNUSED_VARIABLE = YES;
				IPHONEOS_DEPLOYMENT_TARGET = 15.1;
				LD_RUNPATH_SEARCH_PATHS = (
					/usr/lib/swift,
					"$(inherited)",
				);
				LIBRARY_SEARCH_PATHS = (
					"\"$(SDKROOT)/usr/lib/swift\"",
					"\"$(TOOLCHAIN_DIR)/usr/lib/swift/$(PLATFORM_NAME)\"",
					"\"$(inherited)\"",
				);
				MTL_ENABLE_DEBUG_INFO = YES;
				ONLY_ACTIVE_ARCH = YES;
				OTHER_CPLUSPLUSFLAGS = (
					"$(OTHER_CFLAGS)",
					"-DFOLLY_NO_CONFIG",
					"-DFOLLY_MOBILE=1",
					"-DFOLLY_USE_LIBCPP=1",
					"-DFOLLY_CFG_NO_COROUTINES=1",
					"-DFOLLY_HAVE_CLOCK_GETTIME=1",
				);
				SDKROOT = iphoneos;
			};
			name = Debug;
		};
		83CBBA211A601CBA00E9B192 /* Release */ = {
			isa = XCBuildConfiguration;
			buildSettings = {
				ALWAYS_SEARCH_USER_PATHS = NO;
				CLANG_ANALYZER_LOCALIZABILITY_NONLOCALIZED = YES;
				CLANG_CXX_LANGUAGE_STANDARD = "c++20";
				CLANG_CXX_LIBRARY = "libc++";
				CLANG_ENABLE_MODULES = YES;
				CLANG_ENABLE_OBJC_ARC = YES;
				CLANG_WARN_BLOCK_CAPTURE_AUTORELEASING = YES;
				CLANG_WARN_BOOL_CONVERSION = YES;
				CLANG_WARN_COMMA = YES;
				CLANG_WARN_CONSTANT_CONVERSION = YES;
				CLANG_WARN_DEPRECATED_OBJC_IMPLEMENTATIONS = YES;
				CLANG_WARN_DIRECT_OBJC_ISA_USAGE = YES_ERROR;
				CLANG_WARN_EMPTY_BODY = YES;
				CLANG_WARN_ENUM_CONVERSION = YES;
				CLANG_WARN_INFINITE_RECURSION = YES;
				CLANG_WARN_INT_CONVERSION = YES;
				CLANG_WARN_NON_LITERAL_NULL_CONVERSION = YES;
				CLANG_WARN_OBJC_IMPLICIT_RETAIN_SELF = YES;
				CLANG_WARN_OBJC_LITERAL_CONVERSION = YES;
				CLANG_WARN_OBJC_ROOT_CLASS = YES_ERROR;
				CLANG_WARN_QUOTED_INCLUDE_IN_FRAMEWORK_HEADER = YES;
				CLANG_WARN_RANGE_LOOP_ANALYSIS = YES;
				CLANG_WARN_STRICT_PROTOTYPES = YES;
				CLANG_WARN_SUSPICIOUS_MOVE = YES;
				CLANG_WARN_UNREACHABLE_CODE = YES;
				CLANG_WARN__DUPLICATE_METHOD_MATCH = YES;
				"CODE_SIGN_IDENTITY[sdk=iphoneos*]" = "iPhone Developer";
				COPY_PHASE_STRIP = YES;
				ENABLE_NS_ASSERTIONS = NO;
				ENABLE_STRICT_OBJC_MSGSEND = YES;
				"EXCLUDED_ARCHS[sdk=iphonesimulator*]" = "";
				GCC_C_LANGUAGE_STANDARD = gnu99;
				GCC_NO_COMMON_BLOCKS = YES;
				GCC_WARN_64_TO_32_BIT_CONVERSION = YES;
				GCC_WARN_ABOUT_RETURN_TYPE = YES_ERROR;
				GCC_WARN_UNDECLARED_SELECTOR = YES;
				GCC_WARN_UNINITIALIZED_AUTOS = YES_AGGRESSIVE;
				GCC_WARN_UNUSED_FUNCTION = YES;
				GCC_WARN_UNUSED_VARIABLE = YES;
				IPHONEOS_DEPLOYMENT_TARGET = 15.1;
				LD_RUNPATH_SEARCH_PATHS = (
					/usr/lib/swift,
					"$(inherited)",
				);
				LIBRARY_SEARCH_PATHS = (
					"\"$(SDKROOT)/usr/lib/swift\"",
					"\"$(TOOLCHAIN_DIR)/usr/lib/swift/$(PLATFORM_NAME)\"",
					"\"$(inherited)\"",
				);
				MTL_ENABLE_DEBUG_INFO = NO;
				OTHER_CPLUSPLUSFLAGS = (
					"$(OTHER_CFLAGS)",
					"-DFOLLY_NO_CONFIG",
					"-DFOLLY_MOBILE=1",
					"-DFOLLY_USE_LIBCPP=1",
					"-DFOLLY_CFG_NO_COROUTINES=1",
					"-DFOLLY_HAVE_CLOCK_GETTIME=1",
				);
				SDKROOT = iphoneos;
				VALIDATE_PRODUCT = YES;
			};
			name = Release;
		};
/* End XCBuildConfiguration section */

/* Begin XCConfigurationList section */
		13B07F931A680F5B00A75B9A /* Build configuration list for PBXNativeTarget "epocheye" */ = {
			isa = XCConfigurationList;
			buildConfigurations = (
				13B07F941A680F5B00A75B9A /* Debug */,
				13B07F951A680F5B00A75B9A /* Release */,
			);
			defaultConfigurationIsVisible = 0;
			defaultConfigurationName = Release;
		};
		83CBB9FA1A601CBA00E9B192 /* Build configuration list for PBXProject "epocheye" */ = {
			isa = XCConfigurationList;
			buildConfigurations = (
				83CBBA201A601CBA00E9B192 /* Debug */,
				83CBBA211A601CBA00E9B192 /* Release */,
			);
			defaultConfigurationIsVisible = 0;
			defaultConfigurationName = Release;
		};
/* End XCConfigurationList section */
	};
	rootObject = 83CBB9F71A601CBA00E9B192 /* Project object */;
}
